Microsoft Visual Studio Solution File, Format Version 12.00
# Visual Studio Version 16
VisualStudioVersion = 16.0.28922.388
MinimumVisualStudioVersion = 10.0.40219.1
Project("{9A19103F-16F7-4668-BE54-9A1E7A4F7556}") = "Psycho.io", "Psycho.io\Psycho.io.csproj", "{A098DFC8-14B6-4F87-9AE2-7451A23F5779}"
EndProject
Project("{9A19103F-16F7-4668-BE54-9A1E7A4F7556}") = "Psycho.DAL", "Psycho.DAL\Psycho.DAL.csproj", "{B5474FAA-2F63-461A-B51C-E8E1C19E6E03}"
EndProject
Project("{9A19103F-16F7-4668-BE54-9A1E7A4F7556}") = "Psycho.Logic", "Psycho.Logic\Psycho.Logic.csproj", "{43392D5D-D4E8-4DA5-BF38-8E69BA3BB1CC}"
EndProject
Project("{9A19103F-16F7-4668-BE54-9A1E7A4F7556}") = "Psycho.DTO", "Psycho.DTO\Psycho.DTO.csproj", "{D5016389-2FE7-49EF-84B0-8B9E3B3F4199}"
EndProject
Project("{FAE04EC0-301F-11D3-BF4B-00C04F79EFBC}") = "Phycho.Tests", "Phycho.Tests\Phycho.Tests.csproj", "{052DC8D4-AB21-44F3-9988-6346BB22C0B2}"
EndProject
Global
	GlobalSection(SolutionConfigurationPlatforms) = preSolution
		Debug|Any CPU = Debug|Any CPU
		Release|Any CPU = Release|Any CPU
	EndGlobalSection
	GlobalSection(ProjectConfigurationPlatforms) = postSolution
		{A098DFC8-14B6-4F87-9AE2-7451A23F5779}.Debug|Any CPU.ActiveCfg = Debug|Any CPU
		{A098DFC8-14B6-4F87-9AE2-7451A23F5779}.Debug|Any CPU.Build.0 = Debug|Any CPU
		{A098DFC8-14B6-4F87-9AE2-7451A23F5779}.Release|Any CPU.ActiveCfg = Release|Any CPU
		{A098DFC8-14B6-4F87-9AE2-7451A23F5779}.Release|Any CPU.Build.0 = Release|Any CPU
		{B5474FAA-2F63-461A-B51C-E8E1C19E6E03}.Debug|Any CPU.ActiveCfg = Debug|Any CPU
		{B5474FAA-2F63-461A-B51C-E8E1C19E6E03}.Debug|Any CPU.Build.0 = Debug|Any CPU
		{B5474FAA-2F63-461A-B51C-E8E1C19E6E03}.Release|Any CPU.ActiveCfg = Release|Any CPU
		{B5474FAA-2F63-461A-B51C-E8E1C19E6E03}.Release|Any CPU.Build.0 = Release|Any CPU
		{43392D5D-D4E8-4DA5-BF38-8E69BA3BB1CC}.Debug|Any CPU.ActiveCfg = Debug|Any CPU
		{43392D5D-D4E8-4DA5-BF38-8E69BA3BB1CC}.Debug|Any CPU.Build.0 = Debug|Any CPU
		{43392D5D-D4E8-4DA5-BF38-8E69BA3BB1CC}.Release|Any CPU.ActiveCfg = Release|Any CPU
		{43392D5D-D4E8-4DA5-BF38-8E69BA3BB1CC}.Release|Any CPU.Build.0 = Release|Any CPU
		{D5016389-2FE7-49EF-84B0-8B9E3B3F4199}.Debug|Any CPU.ActiveCfg = Debug|Any CPU
		{D5016389-2FE7-49EF-84B0-8B9E3B3F4199}.Debug|Any CPU.Build.0 = Debug|Any CPU
		{D5016389-2FE7-49EF-84B0-8B9E3B3F4199}.Release|Any CPU.ActiveCfg = Release|Any CPU
		{D5016389-2FE7-49EF-84B0-8B9E3B3F4199}.Release|Any CPU.Build.0 = Release|Any CPU
		{052DC8D4-AB21-44F3-9988-6346BB22C0B2}.Debug|Any CPU.ActiveCfg = Debug|Any CPU
		{052DC8D4-AB21-44F3-9988-6346BB22C0B2}.Debug|Any CPU.Build.0 = Debug|Any CPU
		{052DC8D4-AB21-44F3-9988-6346BB22C0B2}.Release|Any CPU.ActiveCfg = Release|Any CPU
		{052DC8D4-AB21-44F3-9988-6346BB22C0B2}.Release|Any CPU.Build.0 = Release|Any CPU
	EndGlobalSection
	GlobalSection(SolutionProperties) = preSolution
		HideSolutionNode = FALSE
	EndGlobalSection
	GlobalSection(ExtensibilityGlobals) = postSolution
		SolutionGuid = {B188D8D7-8EC6-40B0-B70F-54EBBC6B0244}
	EndGlobalSection
EndGlobal
